{
  "nodes": {
    "godot": {
      "flake": false,
      "locked": {
        "lastModified": 1621856353,
        "narHash": "sha256-oHxdVKICJX9mQvTB2zGa9TfMTnsKK6TMsXp/vpY21WU=",
        "owner": "godotengine",
        "repo": "godot",
        "rev": "7610409b8a14b8499763efa76578795c755a846d",
        "type": "github"
      },
      "original": {
        "owner": "godotengine",
        "ref": "3.3.2-stable",
        "repo": "godot",
        "type": "github"
      }
    },
    "nixpkgs": {
      "locked": {
        "lastModified": 1622972307,
        "narHash": "sha256-ENOu0FPCf95iLLoq2txhJtnA2ZpOFhIVBqQVbKM8ra0=",
        "owner": "nixos",
        "repo": "nixpkgs",
        "rev": "d8eb97e3801bde96491535f40483d550b57605b9",
        "type": "github"
      },
      "original": {
        "owner": "nixos",
        "ref": "nixpkgs-unstable",
        "repo": "nixpkgs",
        "type": "github"
      }
    },
    "root": {
      "inputs": {
        "godot": "godot",
        "nixpkgs": "nixpkgs",
        "survex": "survex",
        "tunnelvr": "tunnelvr"
      }
    },
    "survex": {
      "locked": {
        "lastModified": 1623256563,
        "narHash": "sha256-XQd6VULbUsBksOF9hOZGBZzvzborDv1TvtmFmEsPrwc=",
        "owner": "matthewcroughan",
        "repo": "nixpkgs",
        "rev": "9007ca34b8c4a02ba145eea102cb2c343de97aae",
        "type": "github"
      },
      "original": {
        "owner": "matthewcroughan",
        "ref": "add-survex",
        "repo": "nixpkgs",
        "type": "github"
      }
    },
    "tunnelvr": {
      "flake": false,
      "locked": {
        "lastModified": 1624032288,
        "narHash": "sha256-ewJx4rLiG5EZzVusW7eVxtQx2EEpRvE2MQTN1ZIlixk=",
        "owner": "goatchurchprime",
        "repo": "tunnelvr",
        "rev": "de5fc822d935ee2b39dd2cf412f6e21e08ef0b9b",
        "type": "github"
      },
      "original": {
        "owner": "goatchurchprime",
        "ref": "master",
        "repo": "tunnelvr",
        "type": "github"
      }
    }
  },
  "root": "root",
  "version": 7
}
