{
  "nodes": {
    "godot-source": {
      "flake": false,
      "locked": {
        "lastModified": 1621856353,
        "narHash": "sha256-oHxdVKICJX9mQvTB2zGa9TfMTnsKK6TMsXp/vpY21WU=",
        "owner": "godotengine",
        "repo": "godot",
        "rev": "7610409b8a14b8499763efa76578795c755a846d",
        "type": "github"
      },
      "original": {
        "owner": "godotengine",
        "ref": "3.3.2-stable",
        "repo": "godot",
        "type": "github"
      }
    },
    "nixpkgs": {
      "locked": {
        "lastModified": 1632025165,
        "narHash": "sha256-vFHkvmdwbJAFg2d60CQ4fbqpEAUFXR0SO3HRWI4+bXM=",
        "owner": "nixos",
        "repo": "nixpkgs",
        "rev": "a54d2e72e282f2bc68c49f82c735cf664244ec75",
        "type": "github"
      },
      "original": {
        "owner": "nixos",
        "ref": "nixpkgs-unstable",
        "repo": "nixpkgs",
        "type": "github"
      }
    },
    "root": {
      "inputs": {
        "godot-source": "godot-source",
        "nixpkgs": "nixpkgs"
      }
    }
  },
  "root": "root",
  "version": 7
}
